// !$*UTF8*$!
{
	archiveVersion = 1;
	classes = {
	};
	objectVersion = 51;
	objects = {

/* Begin PBXBuildFile section */
		2B9DD4E758171DBB28716184 /* Pods_InstaFirebase.framework in Frameworks */ = {isa = PBXBuildFile; fileRef = A1B43C4271BB0D48A5FBA89C /* Pods_InstaFirebase.framework */; };
		84008C05236A613E003FBDA9 /* PhotoSelectorController.swift in Sources */ = {isa = PBXBuildFile; fileRef = 84008C04236A613E003FBDA9 /* PhotoSelectorController.swift */; };
		841E3884236E2426005E4525 /* PhotoSelectorHeader.swift in Sources */ = {isa = PBXBuildFile; fileRef = 841E3883236E2426005E4525 /* PhotoSelectorHeader.swift */; };
		84341F36232D5E8100AEDE74 /* Extensions.swift in Sources */ = {isa = PBXBuildFile; fileRef = 84341F35232D5E8100AEDE74 /* Extensions.swift */; };
		84347664234C8CA1006B0724 /* MainTabBarController.swift in Sources */ = {isa = PBXBuildFile; fileRef = 84347663234C8CA1006B0724 /* MainTabBarController.swift */; };
		84347666234C91A1006B0724 /* UserProfileController.swift in Sources */ = {isa = PBXBuildFile; fileRef = 84347665234C91A1006B0724 /* UserProfileController.swift */; };
		8437246D236BBAF30059C41C /* PhotoSelectorCell.swift in Sources */ = {isa = PBXBuildFile; fileRef = 8437246C236BBAF30059C41C /* PhotoSelectorCell.swift */; };
		847D7A2423281C46008F5845 /* AppDelegate.swift in Sources */ = {isa = PBXBuildFile; fileRef = 847D7A2323281C46008F5845 /* AppDelegate.swift */; };
		847D7A2623281C46008F5845 /* SignUpController.swift in Sources */ = {isa = PBXBuildFile; fileRef = 847D7A2523281C46008F5845 /* SignUpController.swift */; };
		847D7A2923281C46008F5845 /* Main.storyboard in Resources */ = {isa = PBXBuildFile; fileRef = 847D7A2723281C46008F5845 /* Main.storyboard */; };
		847D7A2B23281C48008F5845 /* Assets.xcassets in Resources */ = {isa = PBXBuildFile; fileRef = 847D7A2A23281C48008F5845 /* Assets.xcassets */; };
		847D7A2E23281C48008F5845 /* LaunchScreen.storyboard in Resources */ = {isa = PBXBuildFile; fileRef = 847D7A2C23281C48008F5845 /* LaunchScreen.storyboard */; };
		847D7A3923281C48008F5845 /* InstaFirebaseTests.swift in Sources */ = {isa = PBXBuildFile; fileRef = 847D7A3823281C48008F5845 /* InstaFirebaseTests.swift */; };
		84C1EC0B2353B4B1009D40D2 /* UserProfileHeaderCell.swift in Sources */ = {isa = PBXBuildFile; fileRef = 84C1EC0A2353B4B1009D40D2 /* UserProfileHeaderCell.swift */; };
		84DC0E87235D60A5001F9669 /* LoginController.swift in Sources */ = {isa = PBXBuildFile; fileRef = 84DC0E86235D60A5001F9669 /* LoginController.swift */; };
		84EE9991232F4240001D2294 /* GoogleService-Info.plist in Resources */ = {isa = PBXBuildFile; fileRef = 84EE9990232F4240001D2294 /* GoogleService-Info.plist */; };
		E8F6F21BC05A70853D6CD564 /* Pods_InstaFirebaseTests.framework in Frameworks */ = {isa = PBXBuildFile; fileRef = 84C2953AF7F774A85C6AF342 /* Pods_InstaFirebaseTests.framework */; };
/* End PBXBuildFile section */

/* Begin PBXContainerItemProxy section */
		847D7A3523281C48008F5845 /* PBXContainerItemProxy */ = {
			isa = PBXContainerItemProxy;
			containerPortal = 847D7A1823281C46008F5845 /* Project object */;
			proxyType = 1;
			remoteGlobalIDString = 847D7A1F23281C46008F5845;
			remoteInfo = InstaFirebase;
		};
/* End PBXContainerItemProxy section */

/* Begin PBXFileReference section */
		1D05ABE9987D34A39C02C1F0 /* Pods-InstaFirebaseTests.debug.xcconfig */ = {isa = PBXFileReference; includeInIndex = 1; lastKnownFileType = text.xcconfig; name = "Pods-InstaFirebaseTests.debug.xcconfig"; path = "Target Support Files/Pods-InstaFirebaseTests/Pods-InstaFirebaseTests.debug.xcconfig"; sourceTree = "<group>"; };
		84008C04236A613E003FBDA9 /* PhotoSelectorController.swift */ = {isa = PBXFileReference; lastKnownFileType = sourcecode.swift; path = PhotoSelectorController.swift; sourceTree = "<group>"; };
		841E3883236E2426005E4525 /* PhotoSelectorHeader.swift */ = {isa = PBXFileReference; lastKnownFileType = sourcecode.swift; path = PhotoSelectorHeader.swift; sourceTree = "<group>"; };
		84341F35232D5E8100AEDE74 /* Extensions.swift */ = {isa = PBXFileReference; lastKnownFileType = sourcecode.swift; path = Extensions.swift; sourceTree = "<group>"; };
		84347663234C8CA1006B0724 /* MainTabBarController.swift */ = {isa = PBXFileReference; lastKnownFileType = sourcecode.swift; path = MainTabBarController.swift; sourceTree = "<group>"; };
		84347665234C91A1006B0724 /* UserProfileController.swift */ = {isa = PBXFileReference; lastKnownFileType = sourcecode.swift; path = UserProfileController.swift; sourceTree = "<group>"; };
		8437246C236BBAF30059C41C /* PhotoSelectorCell.swift */ = {isa = PBXFileReference; lastKnownFileType = sourcecode.swift; path = PhotoSelectorCell.swift; sourceTree = "<group>"; };
		847D7A2023281C46008F5845 /* InstaFirebase.app */ = {isa = PBXFileReference; explicitFileType = wrapper.application; includeInIndex = 0; path = InstaFirebase.app; sourceTree = BUILT_PRODUCTS_DIR; };
		847D7A2323281C46008F5845 /* AppDelegate.swift */ = {isa = PBXFileReference; lastKnownFileType = sourcecode.swift; path = AppDelegate.swift; sourceTree = "<group>"; };
		847D7A2523281C46008F5845 /* SignUpController.swift */ = {isa = PBXFileReference; lastKnownFileType = sourcecode.swift; path = SignUpController.swift; sourceTree = "<group>"; };
		847D7A2823281C46008F5845 /* Base */ = {isa = PBXFileReference; lastKnownFileType = file.storyboard; name = Base; path = Base.lproj/Main.storyboard; sourceTree = "<group>"; };
		847D7A2A23281C48008F5845 /* Assets.xcassets */ = {isa = PBXFileReference; lastKnownFileType = folder.assetcatalog; path = Assets.xcassets; sourceTree = "<group>"; };
		847D7A2D23281C48008F5845 /* Base */ = {isa = PBXFileReference; lastKnownFileType = file.storyboard; name = Base; path = Base.lproj/LaunchScreen.storyboard; sourceTree = "<group>"; };
		847D7A2F23281C48008F5845 /* Info.plist */ = {isa = PBXFileReference; lastKnownFileType = text.plist.xml; path = Info.plist; sourceTree = "<group>"; };
		847D7A3423281C48008F5845 /* InstaFirebaseTests.xctest */ = {isa = PBXFileReference; explicitFileType = wrapper.cfbundle; includeInIndex = 0; path = InstaFirebaseTests.xctest; sourceTree = BUILT_PRODUCTS_DIR; };
		847D7A3823281C48008F5845 /* InstaFirebaseTests.swift */ = {isa = PBXFileReference; lastKnownFileType = sourcecode.swift; path = InstaFirebaseTests.swift; sourceTree = "<group>"; };
		847D7A3A23281C48008F5845 /* Info.plist */ = {isa = PBXFileReference; lastKnownFileType = text.plist.xml; path = Info.plist; sourceTree = "<group>"; };
		84C1EC0A2353B4B1009D40D2 /* UserProfileHeaderCell.swift */ = {isa = PBXFileReference; lastKnownFileType = sourcecode.swift; path = UserProfileHeaderCell.swift; sourceTree = "<group>"; };
		84C2953AF7F774A85C6AF342 /* Pods_InstaFirebaseTests.framework */ = {isa = PBXFileReference; explicitFileType = wrapper.framework; includeInIndex = 0; path = Pods_InstaFirebaseTests.framework; sourceTree = BUILT_PRODUCTS_DIR; };
		84DC0E86235D60A5001F9669 /* LoginController.swift */ = {isa = PBXFileReference; lastKnownFileType = sourcecode.swift; path = LoginController.swift; sourceTree = "<group>"; };
		84EE9990232F4240001D2294 /* GoogleService-Info.plist */ = {isa = PBXFileReference; fileEncoding = 4; lastKnownFileType = text.plist.xml; path = "GoogleService-Info.plist"; sourceTree = "<group>"; };
		A1B43C4271BB0D48A5FBA89C /* Pods_InstaFirebase.framework */ = {isa = PBXFileReference; explicitFileType = wrapper.framework; includeInIndex = 0; path = Pods_InstaFirebase.framework; sourceTree = BUILT_PRODUCTS_DIR; };
		A5B1770703B4D0E053F5208B /* Pods-InstaFirebase.debug.xcconfig */ = {isa = PBXFileReference; includeInIndex = 1; lastKnownFileType = text.xcconfig; name = "Pods-InstaFirebase.debug.xcconfig"; path = "Target Support Files/Pods-InstaFirebase/Pods-InstaFirebase.debug.xcconfig"; sourceTree = "<group>"; };
		B2B4FBEDFA8ADE3A872CD3FA /* Pods-InstaFirebase.release.xcconfig */ = {isa = PBXFileReference; includeInIndex = 1; lastKnownFileType = text.xcconfig; name = "Pods-InstaFirebase.release.xcconfig"; path = "Target Support Files/Pods-InstaFirebase/Pods-InstaFirebase.release.xcconfig"; sourceTree = "<group>"; };
		E03D12FBDD936858335A879F /* Pods-InstaFirebaseTests.release.xcconfig */ = {isa = PBXFileReference; includeInIndex = 1; lastKnownFileType = text.xcconfig; name = "Pods-InstaFirebaseTests.release.xcconfig"; path = "Target Support Files/Pods-InstaFirebaseTests/Pods-InstaFirebaseTests.release.xcconfig"; sourceTree = "<group>"; };
/* End PBXFileReference section */

/* Begin PBXFrameworksBuildPhase section */
		847D7A1D23281C46008F5845 /* Frameworks */ = {
			isa = PBXFrameworksBuildPhase;
			buildActionMask = 2147483647;
			files = (
				2B9DD4E758171DBB28716184 /* Pods_InstaFirebase.framework in Frameworks */,
			);
			runOnlyForDeploymentPostprocessing = 0;
		};
		847D7A3123281C48008F5845 /* Frameworks */ = {
			isa = PBXFrameworksBuildPhase;
			buildActionMask = 2147483647;
			files = (
				E8F6F21BC05A70853D6CD564 /* Pods_InstaFirebaseTests.framework in Frameworks */,
			);
			runOnlyForDeploymentPostprocessing = 0;
		};
/* End PBXFrameworksBuildPhase section */

/* Begin PBXGroup section */
		5E4A9CF28CE0609720E40033 /* Frameworks */ = {
			isa = PBXGroup;
			children = (
				A1B43C4271BB0D48A5FBA89C /* Pods_InstaFirebase.framework */,
				84C2953AF7F774A85C6AF342 /* Pods_InstaFirebaseTests.framework */,
			);
			name = Frameworks;
			sourceTree = "<group>";
		};
		84008C01236A13A2003FBDA9 /* AddPhoto */ = {
			isa = PBXGroup;
			children = (
				84008C04236A613E003FBDA9 /* PhotoSelectorController.swift */,
				8437246C236BBAF30059C41C /* PhotoSelectorCell.swift */,
				841E3883236E2426005E4525 /* PhotoSelectorHeader.swift */,
			);
			path = AddPhoto;
			sourceTree = "<group>";
		};
		84341F34232D5E6000AEDE74 /* Utils */ = {
			isa = PBXGroup;
			children = (
				84341F35232D5E8100AEDE74 /* Extensions.swift */,
			);
			path = Utils;
			sourceTree = "<group>";
		};
		847D7A1723281C46008F5845 = {
			isa = PBXGroup;
			children = (
				847D7A2223281C46008F5845 /* InstaFirebase */,
				847D7A3723281C48008F5845 /* InstaFirebaseTests */,
				847D7A2123281C46008F5845 /* Products */,
				ABA0C54A5E286E5DDE87D1E9 /* Pods */,
				5E4A9CF28CE0609720E40033 /* Frameworks */,
			);
			sourceTree = "<group>";
		};
		847D7A2123281C46008F5845 /* Products */ = {
			isa = PBXGroup;
			children = (
				847D7A2023281C46008F5845 /* InstaFirebase.app */,
				847D7A3423281C48008F5845 /* InstaFirebaseTests.xctest */,
			);
			name = Products;
			sourceTree = "<group>";
		};
		847D7A2223281C46008F5845 /* InstaFirebase */ = {
			isa = PBXGroup;
			children = (
				84008C01236A13A2003FBDA9 /* AddPhoto */,
				84DC0E85235D6066001F9669 /* Login */,
				84C1EC092353B2CE009D40D2 /* UserProfile */,
				84341F34232D5E6000AEDE74 /* Utils */,
				847D7A2323281C46008F5845 /* AppDelegate.swift */,
				84347663234C8CA1006B0724 /* MainTabBarController.swift */,
				847D7A2723281C46008F5845 /* Main.storyboard */,
				847D7A2A23281C48008F5845 /* Assets.xcassets */,
				847D7A2C23281C48008F5845 /* LaunchScreen.storyboard */,
				847D7A2F23281C48008F5845 /* Info.plist */,
				84EE9990232F4240001D2294 /* GoogleService-Info.plist */,
			);
			path = InstaFirebase;
			sourceTree = "<group>";
		};
		847D7A3723281C48008F5845 /* InstaFirebaseTests */ = {
			isa = PBXGroup;
			children = (
				847D7A3823281C48008F5845 /* InstaFirebaseTests.swift */,
				847D7A3A23281C48008F5845 /* Info.plist */,
			);
			path = InstaFirebaseTests;
			sourceTree = "<group>";
		};
		84C1EC092353B2CE009D40D2 /* UserProfile */ = {
			isa = PBXGroup;
			children = (
				84347665234C91A1006B0724 /* UserProfileController.swift */,
				84C1EC0A2353B4B1009D40D2 /* UserProfileHeaderCell.swift */,
			);
			path = UserProfile;
			sourceTree = "<group>";
		};
		84DC0E85235D6066001F9669 /* Login */ = {
			isa = PBXGroup;
			children = (
				84DC0E86235D60A5001F9669 /* LoginController.swift */,
				847D7A2523281C46008F5845 /* SignUpController.swift */,
			);
			path = Login;
			sourceTree = "<group>";
		};
		ABA0C54A5E286E5DDE87D1E9 /* Pods */ = {
			isa = PBXGroup;
			children = (
				A5B1770703B4D0E053F5208B /* Pods-InstaFirebase.debug.xcconfig */,
				B2B4FBEDFA8ADE3A872CD3FA /* Pods-InstaFirebase.release.xcconfig */,
				1D05ABE9987D34A39C02C1F0 /* Pods-InstaFirebaseTests.debug.xcconfig */,
				E03D12FBDD936858335A879F /* Pods-InstaFirebaseTests.release.xcconfig */,
			);
			path = Pods;
			sourceTree = "<group>";
		};
/* End PBXGroup section */

/* Begin PBXNativeTarget section */
		847D7A1F23281C46008F5845 /* InstaFirebase */ = {
			isa = PBXNativeTarget;
			buildConfigurationList = 847D7A3D23281C48008F5845 /* Build configuration list for PBXNativeTarget "InstaFirebase" */;
			buildPhases = (
				38F87B707303731DD97636D1 /* [CP] Check Pods Manifest.lock */,
				847D7A1C23281C46008F5845 /* Sources */,
				847D7A1D23281C46008F5845 /* Frameworks */,
				847D7A1E23281C46008F5845 /* Resources */,
				FE87C3A654D592B7CBD5DDEE /* [CP] Embed Pods Frameworks */,
			);
			buildRules = (
			);
			dependencies = (
			);
			name = InstaFirebase;
			productName = InstaFirebase;
			productReference = 847D7A2023281C46008F5845 /* InstaFirebase.app */;
			productType = "com.apple.product-type.application";
		};
		847D7A3323281C48008F5845 /* InstaFirebaseTests */ = {
			isa = PBXNativeTarget;
			buildConfigurationList = 847D7A4023281C48008F5845 /* Build configuration list for PBXNativeTarget "InstaFirebaseTests" */;
			buildPhases = (
				136D2ED793AD66BC0FAEC3EE /* [CP] Check Pods Manifest.lock */,
				847D7A3023281C48008F5845 /* Sources */,
				847D7A3123281C48008F5845 /* Frameworks */,
				847D7A3223281C48008F5845 /* Resources */,
			);
			buildRules = (
			);
			dependencies = (
				847D7A3623281C48008F5845 /* PBXTargetDependency */,
			);
			name = InstaFirebaseTests;
			productName = InstaFirebaseTests;
			productReference = 847D7A3423281C48008F5845 /* InstaFirebaseTests.xctest */;
			productType = "com.apple.product-type.bundle.unit-test";
		};
/* End PBXNativeTarget section */

/* Begin PBXProject section */
		847D7A1823281C46008F5845 /* Project object */ = {
			isa = PBXProject;
			attributes = {
				LastSwiftUpdateCheck = 1030;
				LastUpgradeCheck = 1030;
				ORGANIZATIONNAME = "Mahmoud Salah";
				TargetAttributes = {
					847D7A1F23281C46008F5845 = {
						CreatedOnToolsVersion = 10.3;
					};
					847D7A3323281C48008F5845 = {
						CreatedOnToolsVersion = 10.3;
						TestTargetID = 847D7A1F23281C46008F5845;
					};
				};
			};
			buildConfigurationList = 847D7A1B23281C46008F5845 /* Build configuration list for PBXProject "InstaFirebase" */;
			compatibilityVersion = "Xcode 9.3";
			developmentRegion = en;
			hasScannedForEncodings = 0;
			knownRegions = (
				en,
				Base,
			);
			mainGroup = 847D7A1723281C46008F5845;
			productRefGroup = 847D7A2123281C46008F5845 /* Products */;
			projectDirPath = "";
			projectRoot = "";
			targets = (
				847D7A1F23281C46008F5845 /* InstaFirebase */,
				847D7A3323281C48008F5845 /* InstaFirebaseTests */,
			);
		};
/* End PBXProject section */

/* Begin PBXResourcesBuildPhase section */
		847D7A1E23281C46008F5845 /* Resources */ = {
			isa = PBXResourcesBuildPhase;
			buildActionMask = 2147483647;
			files = (
				847D7A2E23281C48008F5845 /* LaunchScreen.storyboard in Resources */,
				84EE9991232F4240001D2294 /* GoogleService-Info.plist in Resources */,
				847D7A2B23281C48008F5845 /* Assets.xcassets in Resources */,
				847D7A2923281C46008F5845 /* Main.storyboard in Resources */,
			);
			runOnlyForDeploymentPostprocessing = 0;
		};
		847D7A3223281C48008F5845 /* Resources */ = {
			isa = PBXResourcesBuildPhase;
			buildActionMask = 2147483647;
			files = (
			);
			runOnlyForDeploymentPostprocessing = 0;
		};
/* End PBXResourcesBuildPhase section */

/* Begin PBXShellScriptBuildPhase section */
		136D2ED793AD66BC0FAEC3EE /* [CP] Check Pods Manifest.lock */ = {
			isa = PBXShellScriptBuildPhase;
			buildActionMask = 2147483647;
			files = (
			);
			inputFileListPaths = (
			);
			inputPaths = (
				"${PODS_PODFILE_DIR_PATH}/Podfile.lock",
				"${PODS_ROOT}/Manifest.lock",
			);
			name = "[CP] Check Pods Manifest.lock";
			outputFileListPaths = (
			);
			outputPaths = (
				"$(DERIVED_FILE_DIR)/Pods-InstaFirebaseTests-checkManifestLockResult.txt",
			);
			runOnlyForDeploymentPostprocessing = 0;
			shellPath = /bin/sh;
			shellScript = "diff \"${PODS_PODFILE_DIR_PATH}/Podfile.lock\" \"${PODS_ROOT}/Manifest.lock\" > /dev/null\nif [ $? != 0 ] ; then\n    # print error to STDERR\n    echo \"error: The sandbox is not in sync with the Podfile.lock. Run 'pod install' or update your CocoaPods installation.\" >&2\n    exit 1\nfi\n# This output is used by Xcode 'outputs' to avoid re-running this script phase.\necho \"SUCCESS\" > \"${SCRIPT_OUTPUT_FILE_0}\"\n";
			showEnvVarsInLog = 0;
		};
		38F87B707303731DD97636D1 /* [CP] Check Pods Manifest.lock */ = {
			isa = PBXShellScriptBuildPhase;
			buildActionMask = 2147483647;
			files = (
			);
			inputFileListPaths = (
			);
			inputPaths = (
				"${PODS_PODFILE_DIR_PATH}/Podfile.lock",
				"${PODS_ROOT}/Manifest.lock",
			);
			name = "[CP] Check Pods Manifest.lock";
			outputFileListPaths = (
			);
			outputPaths = (
				"$(DERIVED_FILE_DIR)/Pods-InstaFirebase-checkManifestLockResult.txt",
			);
			runOnlyForDeploymentPostprocessing = 0;
			shellPath = /bin/sh;
			shellScript = "diff \"${PODS_PODFILE_DIR_PATH}/Podfile.lock\" \"${PODS_ROOT}/Manifest.lock\" > /dev/null\nif [ $? != 0 ] ; then\n    # print error to STDERR\n    echo \"error: The sandbox is not in sync with the Podfile.lock. Run 'pod install' or update your CocoaPods installation.\" >&2\n    exit 1\nfi\n# This output is used by Xcode 'outputs' to avoid re-running this script phase.\necho \"SUCCESS\" > \"${SCRIPT_OUTPUT_FILE_0}\"\n";
			showEnvVarsInLog = 0;
		};
		FE87C3A654D592B7CBD5DDEE /* [CP] Embed Pods Frameworks */ = {
			isa = PBXShellScriptBuildPhase;
			buildActionMask = 2147483647;
			files = (
			);
			inputFileListPaths = (
				"${PODS_ROOT}/Target Support Files/Pods-InstaFirebase/Pods-InstaFirebase-frameworks-${CONFIGURATION}-input-files.xcfilelist",
			);
			name = "[CP] Embed Pods Frameworks";
			outputFileListPaths = (
				"${PODS_ROOT}/Target Support Files/Pods-InstaFirebase/Pods-InstaFirebase-frameworks-${CONFIGURATION}-output-files.xcfilelist",
			);
			runOnlyForDeploymentPostprocessing = 0;
			shellPath = /bin/sh;
			shellScript = "\"${PODS_ROOT}/Target Support Files/Pods-InstaFirebase/Pods-InstaFirebase-frameworks.sh\"\n";
			showEnvVarsInLog = 0;
		};
/* End PBXShellScriptBuildPhase section */

/* Begin PBXSourcesBuildPhase section */
		847D7A1C23281C46008F5845 /* Sources */ = {
			isa = PBXSourcesBuildPhase;
			buildActionMask = 2147483647;
			files = (
				847D7A2623281C46008F5845 /* SignUpController.swift in Sources */,
				8437246D236BBAF30059C41C /* PhotoSelectorCell.swift in Sources */,
				84341F36232D5E8100AEDE74 /* Extensions.swift in Sources */,
				84347664234C8CA1006B0724 /* MainTabBarController.swift in Sources */,
				84C1EC0B2353B4B1009D40D2 /* UserProfileHeaderCell.swift in Sources */,
				84347666234C91A1006B0724 /* UserProfileController.swift in Sources */,
				847D7A2423281C46008F5845 /* AppDelegate.swift in Sources */,
				84DC0E87235D60A5001F9669 /* LoginController.swift in Sources */,
				841E3884236E2426005E4525 /* PhotoSelectorHeader.swift in Sources */,
				84008C05236A613E003FBDA9 /* PhotoSelectorController.swift in Sources */,
			);
			runOnlyForDeploymentPostprocessing = 0;
		};
		847D7A3023281C48008F5845 /* Sources */ = {
			isa = PBXSourcesBuildPhase;
			buildActionMask = 2147483647;
			files = (
				847D7A3923281C48008F5845 /* InstaFirebaseTests.swift in Sources */,
			);
			runOnlyForDeploymentPostprocessing = 0;
		};
/* End PBXSourcesBuildPhase section */

/* Begin PBXTargetDependency section */
		847D7A3623281C48008F5845 /* PBXTargetDependency */ = {
			isa = PBXTargetDependency;
			target = 847D7A1F23281C46008F5845 /* InstaFirebase */;
			targetProxy = 847D7A3523281C48008F5845 /* PBXContainerItemProxy */;
		};
/* End PBXTargetDependency section */

/* Begin PBXVariantGroup section */
		847D7A2723281C46008F5845 /* Main.storyboard */ = {
			isa = PBXVariantGroup;
			children = (
				847D7A2823281C46008F5845 /* Base */,
			);
			name = Main.storyboard;
			sourceTree = "<group>";
		};
		847D7A2C23281C48008F5845 /* LaunchScreen.storyboard */ = {
			isa = PBXVariantGroup;
			children = (
				847D7A2D23281C48008F5845 /* Base */,
			);
			name = LaunchScreen.storyboard;
			sourceTree = "<group>";
		};
/* End PBXVariantGroup section */

/* Begin XCBuildConfiguration section */
		847D7A3B23281C48008F5845 /* Debug */ = {
			isa = XCBuildConfiguration;
			buildSettings = {
				ALWAYS_SEARCH_USER_PATHS = NO;
				CLANG_ANALYZER_NONNULL = YES;
				CLANG_ANALYZER_NUMBER_OBJECT_CONVERSION = YES_AGGRESSIVE;
				CLANG_CXX_LANGUAGE_STANDARD = "gnu++14";
				CLANG_CXX_LIBRARY = "libc++";
				CLANG_ENABLE_MODULES = YES;
				CLANG_ENABLE_OBJC_ARC = YES;
				CLANG_ENABLE_OBJC_WEAK = YES;
				CLANG_WARN_BLOCK_CAPTURE_AUTORELEASING = YES;
				CLANG_WARN_BOOL_CONVERSION = YES;
				CLANG_WARN_COMMA = YES;
				CLANG_WARN_CONSTANT_CONVERSION = YES;
				CLANG_WARN_DEPRECATED_OBJC_IMPLEMENTATIONS = YES;
				CLANG_WARN_DIRECT_OBJC_ISA_USAGE = YES_ERROR;
				CLANG_WARN_DOCUMENTATION_COMMENTS = YES;
				CLANG_WARN_EMPTY_BODY = YES;
				CLANG_WARN_ENUM_CONVERSION = YES;
				CLANG_WARN_INFINITE_RECURSION = YES;
				CLANG_WARN_INT_CONVERSION = YES;
				CLANG_WARN_NON_LITERAL_NULL_CONVERSION = YES;
				CLANG_WARN_OBJC_IMPLICIT_RETAIN_SELF = YES;
				CLANG_WARN_OBJC_LITERAL_CONVERSION = YES;
				CLANG_WARN_OBJC_ROOT_CLASS = YES_ERROR;
				CLANG_WARN_RANGE_LOOP_ANALYSIS = YES;
				CLANG_WARN_STRICT_PROTOTYPES = YES;
				CLANG_WARN_SUSPICIOUS_MOVE = YES;
				CLANG_WARN_UNGUARDED_AVAILABILITY = YES_AGGRESSIVE;
				CLANG_WARN_UNREACHABLE_CODE = YES;
				CLANG_WARN__DUPLICATE_METHOD_MATCH = YES;
				CODE_SIGN_IDENTITY = "iPhone Developer";
				COPY_PHASE_STRIP = NO;
				DEBUG_INFORMATION_FORMAT = dwarf;
				ENABLE_STRICT_OBJC_MSGSEND = YES;
				ENABLE_TESTABILITY = YES;
				GCC_C_LANGUAGE_STANDARD = gnu11;
				GCC_DYNAMIC_NO_PIC = NO;
				GCC_NO_COMMON_BLOCKS = YES;
				GCC_OPTIMIZATION_LEVEL = 0;
				GCC_PREPROCESSOR_DEFINITIONS = (
					"DEBUG=1",
					"$(inherited)",
				);
				GCC_WARN_64_TO_32_BIT_CONVERSION = YES;
				GCC_WARN_ABOUT_RETURN_TYPE = YES_ERROR;
				GCC_WARN_UNDECLARED_SELECTOR = YES;
				GCC_WARN_UNINITIALIZED_AUTOS = YES_AGGRESSIVE;
				GCC_WARN_UNUSED_FUNCTION = YES;
				GCC_WARN_UNUSED_VARIABLE = YES;
				IPHONEOS_DEPLOYMENT_TARGET = 12.4;
				MTL_ENABLE_DEBUG_INFO = INCLUDE_SOURCE;
				MTL_FAST_MATH = YES;
				ONLY_ACTIVE_ARCH = YES;
				SDKROOT = iphoneos;
				SWIFT_ACTIVE_COMPILATION_CONDITIONS = DEBUG;
				SWIFT_OPTIMIZATION_LEVEL = "-Onone";
			};
			name = Debug;
		};
		847D7A3C23281C48008F5845 /* Release */ = {
			isa = XCBuildConfiguration;
			buildSettings = {
				ALWAYS_SEARCH_USER_PATHS = NO;
				CLANG_ANALYZER_NONNULL = YES;
				CLANG_ANALYZER_NUMBER_OBJECT_CONVERSION = YES_AGGRESSIVE;
				CLANG_CXX_LANGUAGE_STANDARD = "gnu++14";
				CLANG_CXX_LIBRARY = "libc++";
				CLANG_ENABLE_MODULES = YES;
				CLANG_ENABLE_OBJC_ARC = YES;
				CLANG_ENABLE_OBJC_WEAK = YES;
				CLANG_WARN_BLOCK_CAPTURE_AUTORELEASING = YES;
				CLANG_WARN_BOOL_CONVERSION = YES;
				CLANG_WARN_COMMA = YES;
				CLANG_WARN_CONSTANT_CONVERSION = YES;
				CLANG_WARN_DEPRECATED_OBJC_IMPLEMENTATIONS = YES;
				CLANG_WARN_DIRECT_OBJC_ISA_USAGE = YES_ERROR;
				CLANG_WARN_DOCUMENTATION_COMMENTS = YES;
				CLANG_WARN_EMPTY_BODY = YES;
				CLANG_WARN_ENUM_CONVERSION = YES;
				CLANG_WARN_INFINITE_RECURSION = YES;
				CLANG_WARN_INT_CONVERSION = YES;
				CLANG_WARN_NON_LITERAL_NULL_CONVERSION = YES;
				CLANG_WARN_OBJC_IMPLICIT_RETAIN_SELF = YES;
				CLANG_WARN_OBJC_LITERAL_CONVERSION = YES;
				CLANG_WARN_OBJC_ROOT_CLASS = YES_ERROR;
				CLANG_WARN_RANGE_LOOP_ANALYSIS = YES;
				CLANG_WARN_STRICT_PROTOTYPES = YES;
				CLANG_WARN_SUSPICIOUS_MOVE = YES;
				CLANG_WARN_UNGUARDED_AVAILABILITY = YES_AGGRESSIVE;
				CLANG_WARN_UNREACHABLE_CODE = YES;
				CLANG_WARN__DUPLICATE_METHOD_MATCH = YES;
				CODE_SIGN_IDENTITY = "iPhone Developer";
				COPY_PHASE_STRIP = NO;
				DEBUG_INFORMATION_FORMAT = "dwarf-with-dsym";
				ENABLE_NS_ASSERTIONS = NO;
				ENABLE_STRICT_OBJC_MSGSEND = YES;
				GCC_C_LANGUAGE_STANDARD = gnu11;
				GCC_NO_COMMON_BLOCKS = YES;
				GCC_WARN_64_TO_32_BIT_CONVERSION = YES;
				GCC_WARN_ABOUT_RETURN_TYPE = YES_ERROR;
				GCC_WARN_UNDECLARED_SELECTOR = YES;
				GCC_WARN_UNINITIALIZED_AUTOS = YES_AGGRESSIVE;
				GCC_WARN_UNUSED_FUNCTION = YES;
				GCC_WARN_UNUSED_VARIABLE = YES;
				IPHONEOS_DEPLOYMENT_TARGET = 12.4;
				MTL_ENABLE_DEBUG_INFO = NO;
				MTL_FAST_MATH = YES;
				SDKROOT = iphoneos;
				SWIFT_COMPILATION_MODE = wholemodule;
				SWIFT_OPTIMIZATION_LEVEL = "-O";
				VALIDATE_PRODUCT = YES;
			};
			name = Release;
		};
		847D7A3E23281C48008F5845 /* Debug */ = {
			isa = XCBuildConfiguration;
			baseConfigurationReference = A5B1770703B4D0E053F5208B /* Pods-InstaFirebase.debug.xcconfig */;
			buildSettings = {
				ASSETCATALOG_COMPILER_APPICON_NAME = AppIcon;
				CODE_SIGN_STYLE = Automatic;
				DEVELOPMENT_TEAM = 4DKEX8NYQS;
				INFOPLIST_FILE = InstaFirebase/Info.plist;
				LD_RUNPATH_SEARCH_PATHS = (
					"$(inherited)",
					"@executable_path/Frameworks",
				);
				PRODUCT_BUNDLE_IDENTIFIER = MS.InstaFirebase;
				PRODUCT_NAME = "$(TARGET_NAME)";
				SWIFT_VERSION = 5.0;
				TARGETED_DEVICE_FAMILY = "1,2";
			};
			name = Debug;
		};
		847D7A3F23281C48008F5845 /* Release */ = {
			isa = XCBuildConfiguration;
			baseConfigurationReference = B2B4FBEDFA8ADE3A872CD3FA /* Pods-InstaFirebase.release.xcconfig */;
			buildSettings = {
				ASSETCATALOG_COMPILER_APPICON_NAME = AppIcon;
				CODE_SIGN_STYLE = Automatic;
				DEVELOPMENT_TEAM = 4DKEX8NYQS;
				INFOPLIST_FILE = InstaFirebase/Info.plist;
				LD_RUNPATH_SEARCH_PATHS = (
					"$(inherited)",
					"@executable_path/Frameworks",
				);
				PRODUCT_BUNDLE_IDENTIFIER = MS.InstaFirebase;
				PRODUCT_NAME = "$(TARGET_NAME)";
				SWIFT_VERSION = 5.0;
				TARGETED_DEVICE_FAMILY = "1,2";
			};
			name = Release;
		};
		847D7A4123281C48008F5845 /* Debug */ = {
			isa = XCBuildConfiguration;
			baseConfigurationReference = 1D05ABE9987D34A39C02C1F0 /* Pods-InstaFirebaseTests.debug.xcconfig */;
			buildSettings = {
				ALWAYS_EMBED_SWIFT_STANDARD_LIBRARIES = YES;
				BUNDLE_LOADER = "$(TEST_HOST)";
				CODE_SIGN_STYLE = Automatic;
				DEVELOPMENT_TEAM = 4DKEX8NYQS;
				INFOPLIST_FILE = InstaFirebaseTests/Info.plist;
				LD_RUNPATH_SEARCH_PATHS = (
					"$(inherited)",
					"@executable_path/Frameworks",
					"@loader_path/Frameworks",
				);
				PRODUCT_BUNDLE_IDENTIFIER = MS.InstaFirebaseTests;
				PRODUCT_NAME = "$(TARGET_NAME)";
				SWIFT_VERSION = 5.0;
				TARGETED_DEVICE_FAMILY = "1,2";
				TEST_HOST = "$(BUILT_PRODUCTS_DIR)/InstaFirebase.app/InstaFirebase";
			};
			name = Debug;
		};
		847D7A4223281C48008F5845 /* Release */ = {
			isa = XCBuildConfiguration;
			baseConfigurationReference = E03D12FBDD936858335A879F /* Pods-InstaFirebaseTests.release.xcconfig */;
			buildSettings = {
				ALWAYS_EMBED_SWIFT_STANDARD_LIBRARIES = YES;
				BUNDLE_LOADER = "$(TEST_HOST)";
				CODE_SIGN_STYLE = Automatic;
				DEVELOPMENT_TEAM = 4DKEX8NYQS;
				INFOPLIST_FILE = InstaFirebaseTests/Info.plist;
				LD_RUNPATH_SEARCH_PATHS = (
					"$(inherited)",
					"@executable_path/Frameworks",
					"@loader_path/Frameworks",
				);
				PRODUCT_BUNDLE_IDENTIFIER = MS.InstaFirebaseTests;
				PRODUCT_NAME = "$(TARGET_NAME)";
				SWIFT_VERSION = 5.0;
				TARGETED_DEVICE_FAMILY = "1,2";
				TEST_HOST = "$(BUILT_PRODUCTS_DIR)/InstaFirebase.app/InstaFirebase";
			};
			name = Release;
		};
/* End XCBuildConfiguration section */

/* Begin XCConfigurationList section */
		847D7A1B23281C46008F5845 /* Build configuration list for PBXProject "InstaFirebase" */ = {
			isa = XCConfigurationList;
			buildConfigurations = (
				847D7A3B23281C48008F5845 /* Debug */,
				847D7A3C23281C48008F5845 /* Release */,
			);
			defaultConfigurationIsVisible = 0;
			defaultConfigurationName = Release;
		};
		847D7A3D23281C48008F5845 /* Build configuration list for PBXNativeTarget "InstaFirebase" */ = {
			isa = XCConfigurationList;
			buildConfigurations = (
				847D7A3E23281C48008F5845 /* Debug */,
				847D7A3F23281C48008F5845 /* Release */,
			);
			defaultConfigurationIsVisible = 0;
			defaultConfigurationName = Release;
		};
		847D7A4023281C48008F5845 /* Build configuration list for PBXNativeTarget "InstaFirebaseTests" */ = {
			isa = XCConfigurationList;
			buildConfigurations = (
				847D7A4123281C48008F5845 /* Debug */,
				847D7A4223281C48008F5845 /* Release */,
			);
			defaultConfigurationIsVisible = 0;
			defaultConfigurationName = Release;
		};
/* End XCConfigurationList section */
	};
	rootObject = 847D7A1823281C46008F5845 /* Project object */;
}
